
Microsoft Visual Studio Solution File, Format Version 12.00
# Visual Studio Version 17
VisualStudioVersion = 17.4.33122.133
MinimumVisualStudioVersion = 10.0.40219.1
Project("{FAE04EC0-301F-11D3-BF4B-00C04F79EFBC}") = "MethodsPractice", "MethodsPractice\MethodsPractice.csproj", "{8025DD68-AF64-40BE-8683-794683A7CF6C}"
EndProject
Global
	GlobalSection(SolutionConfigurationPlatforms) = preSolution
		Debug|Any CPU = Debug|Any CPU
		Release|Any CPU = Release|Any CPU
	EndGlobalSection
	GlobalSection(ProjectConfigurationPlatforms) = postSolution
		{8025DD68-AF64-40BE-8683-794683A7CF6C}.Debug|Any CPU.ActiveCfg = Debug|Any CPU
		{8025DD68-AF64-40BE-8683-794683A7CF6C}.Debug|Any CPU.Build.0 = Debug|Any CPU
		{8025DD68-AF64-40BE-8683-794683A7CF6C}.Release|Any CPU.ActiveCfg = Release|Any CPU
		{8025DD68-AF64-40BE-8683-794683A7CF6C}.Release|Any CPU.Build.0 = Release|Any CPU
	EndGlobalSection
	GlobalSection(SolutionProperties) = preSolution
		HideSolutionNode = FALSE
	EndGlobalSection
	GlobalSection(ExtensibilityGlobals) = postSolution
		SolutionGuid = {026117D8-CAF4-4A15-ABB6-A03A53D7A037}
	EndGlobalSection
EndGlobal
